
Microsoft Visual Studio Solution File, Format Version 12.00
# Visual Studio 15
VisualStudioVersion = 15.0.28307.757
MinimumVisualStudioVersion = 10.0.40219.1
Project("{FAE04EC0-301F-11D3-BF4B-00C04F79EFBC}") = "CrossTrainingsLab", "CrossTrainingsLab\CrossTrainingsLab.csproj", "{B93C0196-C8C4-4DB5-B60C-C60A6914C2FD}"
EndProject
Global
	GlobalSection(SolutionConfigurationPlatforms) = preSolution
		Debug|Any CPU = Debug|Any CPU
		Release|Any CPU = Release|Any CPU
	EndGlobalSection
	GlobalSection(ProjectConfigurationPlatforms) = postSolution
		{B93C0196-C8C4-4DB5-B60C-C60A6914C2FD}.Debug|Any CPU.ActiveCfg = Debug|Any CPU
		{B93C0196-C8C4-4DB5-B60C-C60A6914C2FD}.Debug|Any CPU.Build.0 = Debug|Any CPU
		{B93C0196-C8C4-4DB5-B60C-C60A6914C2FD}.Release|Any CPU.ActiveCfg = Release|Any CPU
		{B93C0196-C8C4-4DB5-B60C-C60A6914C2FD}.Release|Any CPU.Build.0 = Release|Any CPU
	EndGlobalSection
	GlobalSection(SolutionProperties) = preSolution
		HideSolutionNode = FALSE
	EndGlobalSection
	GlobalSection(ExtensibilityGlobals) = postSolution
		SolutionGuid = {A6B579A5-697C-46D4-A0A7-32E7B78E4D5A}
	EndGlobalSection
EndGlobal
