
Microsoft Visual Studio Solution File, Format Version 12.00
# Visual Studio 15
VisualStudioVersion = 15.0.28307.757
MinimumVisualStudioVersion = 10.0.40219.1
Project("{FAE04EC0-301F-11D3-BF4B-00C04F79EFBC}") = "CrossTask2", "CrossTask2\CrossTask2.csproj", "{7212E38C-85EF-4F99-AD0F-C43F611831E6}"
EndProject
Global
	GlobalSection(SolutionConfigurationPlatforms) = preSolution
		Debug|Any CPU = Debug|Any CPU
		Release|Any CPU = Release|Any CPU
	EndGlobalSection
	GlobalSection(ProjectConfigurationPlatforms) = postSolution
		{7212E38C-85EF-4F99-AD0F-C43F611831E6}.Debug|Any CPU.ActiveCfg = Debug|Any CPU
		{7212E38C-85EF-4F99-AD0F-C43F611831E6}.Debug|Any CPU.Build.0 = Debug|Any CPU
		{7212E38C-85EF-4F99-AD0F-C43F611831E6}.Release|Any CPU.ActiveCfg = Release|Any CPU
		{7212E38C-85EF-4F99-AD0F-C43F611831E6}.Release|Any CPU.Build.0 = Release|Any CPU
	EndGlobalSection
	GlobalSection(SolutionProperties) = preSolution
		HideSolutionNode = FALSE
	EndGlobalSection
	GlobalSection(ExtensibilityGlobals) = postSolution
		SolutionGuid = {BAB9CACD-45D0-40B3-9A00-DA07A489AC7C}
	EndGlobalSection
EndGlobal
